
Microsoft Visual Studio Solution File, Format Version 12.00
# Visual Studio Version 17
VisualStudioVersion = 17.12.35521.163
MinimumVisualStudioVersion = 10.0.40219.1
Project("{F1138AB9-C318-4023-9FA3-DD8B75691D52}") = "FF5PR.EnemyRowFix", "FF5PR.EnemyRowFix\FF5PR.EnemyRowFix.csproj", "{3E391E29-CDFE-42E7-B118-DC8AECA42859}"
EndProject
Global
	GlobalSection(SolutionConfigurationPlatforms) = preSolution
		Debug|Any CPU = Debug|Any CPU
		PublishZip|Any CPU = PublishZip|Any CPU
		Release|Any CPU = Release|Any CPU
	EndGlobalSection
	GlobalSection(ProjectConfigurationPlatforms) = postSolution
		{3E391E29-CDFE-42E7-B118-DC8AECA42859}.Debug|Any CPU.ActiveCfg = Debug|Any CPU
		{3E391E29-CDFE-42E7-B118-DC8AECA42859}.Debug|Any CPU.Build.0 = Debug|Any CPU
		{3E391E29-CDFE-42E7-B118-DC8AECA42859}.PublishZip|Any CPU.ActiveCfg = PublishZip|Any CPU
		{3E391E29-CDFE-42E7-B118-DC8AECA42859}.PublishZip|Any CPU.Build.0 = PublishZip|Any CPU
		{3E391E29-CDFE-42E7-B118-DC8AECA42859}.Release|Any CPU.ActiveCfg = Release|Any CPU
		{3E391E29-CDFE-42E7-B118-DC8AECA42859}.Release|Any CPU.Build.0 = Release|Any CPU
	EndGlobalSection
	GlobalSection(SolutionProperties) = preSolution
		HideSolutionNode = FALSE
	EndGlobalSection
	GlobalSection(ExtensibilityGlobals) = postSolution
		SolutionGuid = {B11933B8-2D52-4782-A6FC-AF85275FDDDA}
	EndGlobalSection
EndGlobal
